# This file is automatically @generated by Poetry 1.4.2 and should not be changed by hand.

[[package]]
name = "tinydb"
version = "4.7.1"
description = "TinyDB is a tiny, document oriented database optimized for your happiness :)"
category = "main"
optional = false
python-versions = ">=3.7,<4.0"
files = [
    {file = "tinydb-4.7.1-py3-none-any.whl", hash = "sha256:1534e498ca23f55c43b0f1e7c0cf174049498ab45a887c82ba9831e0f9868df3"},
    {file = "tinydb-4.7.1.tar.gz", hash = "sha256:8955c239a79b8a6c8f637900152e2de38690848199d71d870c33c16405433ca5"},
]

[metadata]
lock-version = "2.0"
python-versions = "^3.11"
content-hash = "7895bc8ad1d0550a320aa39526ee04e9a276ec5bf7fde96b2ec58f7dafc5e5b4"
